
Microsoft Visual Studio Solution File, Format Version 12.00
# Visual Studio Version 17
VisualStudioVersion = 17.0.32126.317
MinimumVisualStudioVersion = 10.0.40219.1
Project("{FAE04EC0-301F-11D3-BF4B-00C04F79EFBC}") = "DamaTahtasii", "DamaTahtasii.csproj", "{993AB73F-3AB8-4C2A-AA57-BA28A0723F37}"
EndProject
Global
	GlobalSection(SolutionConfigurationPlatforms) = preSolution
		Debug|Any CPU = Debug|Any CPU
		Release|Any CPU = Release|Any CPU
	EndGlobalSection
	GlobalSection(ProjectConfigurationPlatforms) = postSolution
		{993AB73F-3AB8-4C2A-AA57-BA28A0723F37}.Debug|Any CPU.ActiveCfg = Debug|Any CPU
		{993AB73F-3AB8-4C2A-AA57-BA28A0723F37}.Debug|Any CPU.Build.0 = Debug|Any CPU
		{993AB73F-3AB8-4C2A-AA57-BA28A0723F37}.Release|Any CPU.ActiveCfg = Release|Any CPU
		{993AB73F-3AB8-4C2A-AA57-BA28A0723F37}.Release|Any CPU.Build.0 = Release|Any CPU
	EndGlobalSection
	GlobalSection(SolutionProperties) = preSolution
		HideSolutionNode = FALSE
	EndGlobalSection
	GlobalSection(ExtensibilityGlobals) = postSolution
		SolutionGuid = {763B6C66-C592-4D55-A368-57E6CD750CBA}
	EndGlobalSection
EndGlobal
